
Microsoft Visual Studio Solution File, Format Version 12.00
# Visual Studio Version 17
VisualStudioVersion = 17.1.32319.34
MinimumVisualStudioVersion = 10.0.40219.1
Project("{FAE04EC0-301F-11D3-BF4B-00C04F79EFBC}") = "EjercicioI03LosPrimos", "EjercicioI03LosPrimos\EjercicioI03LosPrimos.csproj", "{9C1F7CF7-824C-44E4-AA63-F3C358EE7463}"
EndProject
Global
	GlobalSection(SolutionConfigurationPlatforms) = preSolution
		Debug|Any CPU = Debug|Any CPU
		Release|Any CPU = Release|Any CPU
	EndGlobalSection
	GlobalSection(ProjectConfigurationPlatforms) = postSolution
		{9C1F7CF7-824C-44E4-AA63-F3C358EE7463}.Debug|Any CPU.ActiveCfg = Debug|Any CPU
		{9C1F7CF7-824C-44E4-AA63-F3C358EE7463}.Debug|Any CPU.Build.0 = Debug|Any CPU
		{9C1F7CF7-824C-44E4-AA63-F3C358EE7463}.Release|Any CPU.ActiveCfg = Release|Any CPU
		{9C1F7CF7-824C-44E4-AA63-F3C358EE7463}.Release|Any CPU.Build.0 = Release|Any CPU
	EndGlobalSection
	GlobalSection(SolutionProperties) = preSolution
		HideSolutionNode = FALSE
	EndGlobalSection
	GlobalSection(ExtensibilityGlobals) = postSolution
		SolutionGuid = {9E01CA88-A1E8-4CCB-9BA0-5B06CA6BBBCA}
	EndGlobalSection
EndGlobal
